
Microsoft Visual Studio Solution File, Format Version 12.00
# Visual Studio Version 16
VisualStudioVersion = 16.0.30320.27
MinimumVisualStudioVersion = 10.0.40219.1
Project("{FAE04EC0-301F-11D3-BF4B-00C04F79EFBC}") = "Task_With_Parameters", "Task_With_Parameters\Task_With_Parameters.csproj", "{78A35888-CCAA-49B1-876A-14B42D473D68}"
EndProject
Global
	GlobalSection(SolutionConfigurationPlatforms) = preSolution
		Debug|Any CPU = Debug|Any CPU
		Release|Any CPU = Release|Any CPU
	EndGlobalSection
	GlobalSection(ProjectConfigurationPlatforms) = postSolution
		{78A35888-CCAA-49B1-876A-14B42D473D68}.Debug|Any CPU.ActiveCfg = Debug|Any CPU
		{78A35888-CCAA-49B1-876A-14B42D473D68}.Debug|Any CPU.Build.0 = Debug|Any CPU
		{78A35888-CCAA-49B1-876A-14B42D473D68}.Release|Any CPU.ActiveCfg = Release|Any CPU
		{78A35888-CCAA-49B1-876A-14B42D473D68}.Release|Any CPU.Build.0 = Release|Any CPU
	EndGlobalSection
	GlobalSection(SolutionProperties) = preSolution
		HideSolutionNode = FALSE
	EndGlobalSection
	GlobalSection(ExtensibilityGlobals) = postSolution
		SolutionGuid = {6A191B68-2588-4442-804E-7B1C552AF7B2}
	EndGlobalSection
EndGlobal
